# This file is automatically @generated by Cargo.
# It is not intended for manual editing.
version = 3

[[package]]
name = "bstr"
version = "0.2.14"
source = "registry+https://github.com/rust-lang/crates.io-index"
checksum = "473fc6b38233f9af7baa94fb5852dca389e3d95b8e21c8e3719301462c5d9faf"
dependencies = [
 "memchr",
]

[[package]]
name = "d3dcompiler"
version = "0.1.0"
dependencies = [
 "win32",
 "winapi",
]

[[package]]
name = "gml"
version = "0.1.0"
dependencies = [
 "bstr",
 "gml-meta",
 "project",
]

[[package]]
name = "gml-meta"
version = "0.1.0"
dependencies = [
 "proc-macro2",
 "quote",
 "syn",
]

[[package]]
name = "loader"
version = "0.1.0"
dependencies = [
 "gml",
 "project",
 "runner",
]

[[package]]
name = "memchr"
version = "2.3.4"
source = "registry+https://github.com/rust-lang/crates.io-index"
checksum = "0ee1c47aaa256ecabcaea351eae4a9b01ef39ed810004e298d2511ed284b1525"

[[package]]
name = "playground"
version = "0.1.0"
dependencies = [
 "gml",
 "project",
 "quickdry",
 "runner",
 "wasm",
]

[[package]]
name = "proc-macro2"
version = "1.0.24"
source = "registry+https://github.com/rust-lang/crates.io-index"
checksum = "1e0704ee1a7e00d7bb417d0770ea303c1bccbabf0ef1667dae92b5967f5f8a71"
dependencies = [
 "unicode-xid",
]

[[package]]
name = "project"
version = "0.1.0"

[[package]]
name = "quickdry"
version = "0.1.1"
source = "registry+https://github.com/rust-lang/crates.io-index"
checksum = "e65e821b6417307fa1761733d14e8edff73ff97d6024ac54154a0f10eab4d712"

[[package]]
name = "quote"
version = "1.0.7"
source = "registry+https://github.com/rust-lang/crates.io-index"
checksum = "aa563d17ecb180e500da1cfd2b028310ac758de548efdd203e18f283af693f37"
dependencies = [
 "proc-macro2",
]

[[package]]
name = "runner"
version = "0.1.0"
dependencies = [
 "bstr",
 "d3dcompiler",
 "gml",
 "project",
 "wasm",
 "win32",
 "winapi",
]

[[package]]
name = "syn"
version = "1.0.54"
source = "registry+https://github.com/rust-lang/crates.io-index"
checksum = "9a2af957a63d6bd42255c359c93d9bfdb97076bd3b820897ce55ffbfbf107f44"
dependencies = [
 "proc-macro2",
 "quote",
 "unicode-xid",
]

[[package]]
name = "unicode-xid"
version = "0.2.1"
source = "registry+https://github.com/rust-lang/crates.io-index"
checksum = "f7fe0bb3479651439c9112f72b6c505038574c9fbb575ed1bf3b797fa39dd564"

[[package]]
name = "wasm"
version = "0.1.0"

[[package]]
name = "win32"
version = "0.1.0"
dependencies = [
 "winapi",
]

[[package]]
name = "winapi"
version = "0.3.9"
source = "registry+https://github.com/rust-lang/crates.io-index"
checksum = "5c839a674fcd7a98952e593242ea400abe93992746761e38641405d28b00f419"
dependencies = [
 "winapi-i686-pc-windows-gnu",
 "winapi-x86_64-pc-windows-gnu",
]

[[package]]
name = "winapi-i686-pc-windows-gnu"
version = "0.4.0"
source = "registry+https://github.com/rust-lang/crates.io-index"
checksum = "ac3b87c63620426dd9b991e5ce0329eff545bccbbb34f3be09ff6fb6ab51b7b6"

[[package]]
name = "winapi-x86_64-pc-windows-gnu"
version = "0.4.0"
source = "registry+https://github.com/rust-lang/crates.io-index"
checksum = "712e227841d057c1ee1cd2fb22fa7e5a5461ae8e48fa2ca79ec42cfc1931183f"
